
Microsoft Visual Studio Solution File, Format Version 12.00
# Visual Studio 15
VisualStudioVersion = 15.0.27428.1
MinimumVisualStudioVersion = 10.0.40219.1
Project("{FAE04EC0-301F-11D3-BF4B-00C04F79EFBC}") = "TQEnjineZ", "TQEnjineZ\TQEnjineZ.csproj", "{B96A9BCB-D040-40CE-86A5-892E83320DAE}"
EndProject
Global
	GlobalSection(SolutionConfigurationPlatforms) = preSolution
		Debug|Any CPU = Debug|Any CPU
		Release|Any CPU = Release|Any CPU
	EndGlobalSection
	GlobalSection(ProjectConfigurationPlatforms) = postSolution
		{B96A9BCB-D040-40CE-86A5-892E83320DAE}.Debug|Any CPU.ActiveCfg = Debug|Any CPU
		{B96A9BCB-D040-40CE-86A5-892E83320DAE}.Debug|Any CPU.Build.0 = Debug|Any CPU
		{B96A9BCB-D040-40CE-86A5-892E83320DAE}.Release|Any CPU.ActiveCfg = Release|Any CPU
		{B96A9BCB-D040-40CE-86A5-892E83320DAE}.Release|Any CPU.Build.0 = Release|Any CPU
	EndGlobalSection
	GlobalSection(SolutionProperties) = preSolution
		HideSolutionNode = FALSE
	EndGlobalSection
	GlobalSection(ExtensibilityGlobals) = postSolution
		SolutionGuid = {0E02A9B0-51A2-424A-8DB1-D126E9206B4E}
	EndGlobalSection
EndGlobal
